
Microsoft Visual Studio Solution File, Format Version 12.00
# Visual Studio Version 17
VisualStudioVersion = 17.12.35707.178 d17.12
MinimumVisualStudioVersion = 10.0.40219.1
Project("{FAE04EC0-301F-11D3-BF4B-00C04F79EFBC}") = "Task 2 - Random Number Generation", "DSA - A2 - Part Soution\Task 2 - Random Number Generation.csproj", "{46EA78D5-4E5C-4432-9711-66B2AF9B2F19}"
EndProject
Project("{FAE04EC0-301F-11D3-BF4B-00C04F79EFBC}") = "Task 1 - Searching and Sorting Algorithms", "Task 1 - Searching and Sorting Algorithms\Task 1 - Searching and Sorting Algorithms.csproj", "{49EAA3E5-6BFF-49E8-8933-847F55C8AEA4}"
EndProject
Global
	GlobalSection(SolutionConfigurationPlatforms) = preSolution
		Debug|Any CPU = Debug|Any CPU
		Release|Any CPU = Release|Any CPU
	EndGlobalSection
	GlobalSection(ProjectConfigurationPlatforms) = postSolution
		{46EA78D5-4E5C-4432-9711-66B2AF9B2F19}.Debug|Any CPU.ActiveCfg = Debug|Any CPU
		{46EA78D5-4E5C-4432-9711-66B2AF9B2F19}.Debug|Any CPU.Build.0 = Debug|Any CPU
		{46EA78D5-4E5C-4432-9711-66B2AF9B2F19}.Release|Any CPU.ActiveCfg = Release|Any CPU
		{46EA78D5-4E5C-4432-9711-66B2AF9B2F19}.Release|Any CPU.Build.0 = Release|Any CPU
		{49EAA3E5-6BFF-49E8-8933-847F55C8AEA4}.Debug|Any CPU.ActiveCfg = Debug|Any CPU
		{49EAA3E5-6BFF-49E8-8933-847F55C8AEA4}.Debug|Any CPU.Build.0 = Debug|Any CPU
		{49EAA3E5-6BFF-49E8-8933-847F55C8AEA4}.Release|Any CPU.ActiveCfg = Release|Any CPU
		{49EAA3E5-6BFF-49E8-8933-847F55C8AEA4}.Release|Any CPU.Build.0 = Release|Any CPU
	EndGlobalSection
	GlobalSection(SolutionProperties) = preSolution
		HideSolutionNode = FALSE
	EndGlobalSection
EndGlobal
